{
  "version": 1,
  "dependencies": {
    ".NETFramework,Version=v4.8": {
      "Microsoft.NET.Test.Sdk": {
        "type": "Direct",
        "requested": "[16.0.1, )",
        "resolved": "16.0.1",
        "contentHash": "ON7UIMIhAwrYb0ep+3ztoWVGvtfo88IhiHVnbyOiuVsi8bOMCdMPVcR+EX1WYGgKAd030pHRaxazMlkQ6uDyJQ==",
        "dependencies": {
          "Microsoft.CodeCoverage": "16.0.1"
        }
      },
      "MSTest.TestAdapter": {
        "type": "Direct",
        "requested": "[1.4.0, )",
        "resolved": "1.4.0",
        "contentHash": "t2/rL9DG+cVAgPs98OGm2sbZ4FTgn+MGEan5P9NRAgqMV3+nYRKG7/5R0jY7lBMq9ISms+84MSqTHWs6QnPt4A=="
      },
      "MSTest.TestFramework": {
        "type": "Direct",
        "requested": "[1.4.0, )",
        "resolved": "1.4.0",
        "contentHash": "kV/yZ0XLiOElsVeLT0GnNrsoKcPvVNOP6Cv2zkAiceJY0rpro0L+3t54bRApLwTg1mxlo4rLziBG7X6X69KcrQ=="
      },
      "Microsoft.CodeCoverage": {
        "type": "Transitive",
        "resolved": "16.0.1",
        "contentHash": "W7WI3iH6At2I/9x2ODgCIIMO0QfpA7ZCoHkeygMLAaz3Nms/GsugKz9N4hkTve2Lj66g2K4CAmbwe6utEH66lw=="
      },
      "memento": {
        "type": "Project"
      }
    }
  }
}